{
  "version": 4,
  "terraform_version": "1.3.9",
  "serial": 2,
  "lineage": "352609c1-d89f-a1fa-2e9c-f876b2a5de36",
  "outputs": {
    "ecr_arn": {
      "value": [
        "arn:aws:ecr:us-east-2:961460053625:repository/my-ecr",
        "arn:aws:ecr:us-east-2:961460053625:repository/my-ecr-2"
      ],
      "type": [
        "tuple",
        [
          "string",
          "string"
        ]
      ]
    }
  },
  "resources": [
    {
      "mode": "managed",
      "type": "aws_ecr_repository",
      "name": "repo",
      "provider": "provider[\"registry.terraform.io/hashicorp/aws\"]",
      "instances": [
        {
          "index_key": 0,
          "schema_version": 0,
          "attributes": {
            "arn": "arn:aws:ecr:us-east-2:961460053625:repository/my-ecr",
            "encryption_configuration": [
              {
                "encryption_type": "AES256",
                "kms_key": ""
              }
            ],
            "force_delete": null,
            "id": "my-ecr",
            "image_scanning_configuration": [
              {
                "scan_on_push": true
              }
            ],
            "image_tag_mutability": "MUTABLE",
            "name": "my-ecr",
            "registry_id": "961460053625",
            "repository_url": "961460053625.dkr.ecr.us-east-2.amazonaws.com/my-ecr",
            "tags": {
              "ManagedBy": "Terraform",
              "Name": "private_repo"
            },
            "tags_all": {
              "ManagedBy": "Terraform",
              "Name": "private_repo"
            },
            "timeouts": null
          },
          "sensitive_attributes": [],
          "private": "eyJlMmJmYjczMC1lY2FhLTExZTYtOGY4OC0zNDM2M2JjN2M0YzAiOnsiZGVsZXRlIjoxMjAwMDAwMDAwMDAwfX0="
        },
        {
          "index_key": 1,
          "schema_version": 0,
          "attributes": {
            "arn": "arn:aws:ecr:us-east-2:961460053625:repository/my-ecr-2",
            "encryption_configuration": [
              {
                "encryption_type": "AES256",
                "kms_key": ""
              }
            ],
            "force_delete": null,
            "id": "my-ecr-2",
            "image_scanning_configuration": [
              {
                "scan_on_push": true
              }
            ],
            "image_tag_mutability": "MUTABLE",
            "name": "my-ecr-2",
            "registry_id": "961460053625",
            "repository_url": "961460053625.dkr.ecr.us-east-2.amazonaws.com/my-ecr-2",
            "tags": {
              "ManagedBy": "Terraform",
              "Name": "private_repo"
            },
            "tags_all": {
              "ManagedBy": "Terraform",
              "Name": "private_repo"
            },
            "timeouts": null
          },
          "sensitive_attributes": [],
          "private": "eyJlMmJmYjczMC1lY2FhLTExZTYtOGY4OC0zNDM2M2JjN2M0YzAiOnsiZGVsZXRlIjoxMjAwMDAwMDAwMDAwfX0="
        }
      ]
    }
  ],
  "check_results": null
}
